
Microsoft Visual Studio Solution File, Format Version 12.00
# Visual Studio Version 16
VisualStudioVersion = 16.0.29411.108
MinimumVisualStudioVersion = 10.0.40219.1
Project("{FAE04EC0-301F-11D3-BF4B-00C04F79EFBC}") = "Clases_Aguila_Curda", "Proyecto_Bodega\Clases_Aguila_Curda.csproj", "{8A5EB833-0F96-4DAD-9B1C-5CF713874E1B}"
EndProject
Project("{FAE04EC0-301F-11D3-BF4B-00C04F79EFBC}") = "Interfaz_Aguila_Curda", "Interfaz_Aguila_Curda\Interfaz_Aguila_Curda.csproj", "{C484E94C-7B2F-47C9-A803-E27A841BE1AF}"
EndProject
Project("{FAE04EC0-301F-11D3-BF4B-00C04F79EFBC}") = "AccesoDatos", "AccesoDatos\AccesoDatos.csproj", "{2BEC84A0-9B0A-44E2-916D-03D19465D2D7}"
EndProject
Project("{FAE04EC0-301F-11D3-BF4B-00C04F79EFBC}") = "CapaComun", "CapaComun\CapaComun.csproj", "{432FE9B8-4E82-4490-A33D-6A83BC561CE6}"
EndProject
Global
	GlobalSection(SolutionConfigurationPlatforms) = preSolution
		Debug|Any CPU = Debug|Any CPU
		Release|Any CPU = Release|Any CPU
	EndGlobalSection
	GlobalSection(ProjectConfigurationPlatforms) = postSolution
		{8A5EB833-0F96-4DAD-9B1C-5CF713874E1B}.Debug|Any CPU.ActiveCfg = Debug|Any CPU
		{8A5EB833-0F96-4DAD-9B1C-5CF713874E1B}.Debug|Any CPU.Build.0 = Debug|Any CPU
		{8A5EB833-0F96-4DAD-9B1C-5CF713874E1B}.Release|Any CPU.ActiveCfg = Release|Any CPU
		{8A5EB833-0F96-4DAD-9B1C-5CF713874E1B}.Release|Any CPU.Build.0 = Release|Any CPU
		{C484E94C-7B2F-47C9-A803-E27A841BE1AF}.Debug|Any CPU.ActiveCfg = Debug|Any CPU
		{C484E94C-7B2F-47C9-A803-E27A841BE1AF}.Debug|Any CPU.Build.0 = Debug|Any CPU
		{C484E94C-7B2F-47C9-A803-E27A841BE1AF}.Release|Any CPU.ActiveCfg = Release|Any CPU
		{C484E94C-7B2F-47C9-A803-E27A841BE1AF}.Release|Any CPU.Build.0 = Release|Any CPU
		{2BEC84A0-9B0A-44E2-916D-03D19465D2D7}.Debug|Any CPU.ActiveCfg = Debug|Any CPU
		{2BEC84A0-9B0A-44E2-916D-03D19465D2D7}.Debug|Any CPU.Build.0 = Debug|Any CPU
		{2BEC84A0-9B0A-44E2-916D-03D19465D2D7}.Release|Any CPU.ActiveCfg = Release|Any CPU
		{2BEC84A0-9B0A-44E2-916D-03D19465D2D7}.Release|Any CPU.Build.0 = Release|Any CPU
		{432FE9B8-4E82-4490-A33D-6A83BC561CE6}.Debug|Any CPU.ActiveCfg = Debug|Any CPU
		{432FE9B8-4E82-4490-A33D-6A83BC561CE6}.Debug|Any CPU.Build.0 = Debug|Any CPU
		{432FE9B8-4E82-4490-A33D-6A83BC561CE6}.Release|Any CPU.ActiveCfg = Release|Any CPU
		{432FE9B8-4E82-4490-A33D-6A83BC561CE6}.Release|Any CPU.Build.0 = Release|Any CPU
	EndGlobalSection
	GlobalSection(SolutionProperties) = preSolution
		HideSolutionNode = FALSE
	EndGlobalSection
	GlobalSection(ExtensibilityGlobals) = postSolution
		SolutionGuid = {2FF99D61-7160-4A85-8434-AD9D9234ED76}
	EndGlobalSection
EndGlobal
